
Microsoft Visual Studio Solution File, Format Version 12.00
# Visual Studio Version 16
VisualStudioVersion = 16.0.29201.188
MinimumVisualStudioVersion = 10.0.40219.1
Project("{9A19103F-16F7-4668-BE54-9A1E7A4F7556}") = "PracaDyplomowa.WebApi", "PracaDyplomowa.WebApi\PracaDyplomowa.WebApi.csproj", "{099D92CA-0871-484A-BF54-F59F7A42A345}"
EndProject
Project("{FAE04EC0-301F-11D3-BF4B-00C04F79EFBC}") = "PracaDyplomowa.Mobile.UWP", "PracaDyplomowa.Mobile\PracaDyplomowa.Mobile.UWP\PracaDyplomowa.Mobile.UWP.csproj", "{79B4E4A9-E56B-45B6-B382-A464E9160A12}"
EndProject
Project("{FAE04EC0-301F-11D3-BF4B-00C04F79EFBC}") = "PracaDyplomowa.Mobile.Android", "PracaDyplomowa.Mobile\PracaDyplomowa.Mobile.Android\PracaDyplomowa.Mobile.Android.csproj", "{103B5DEB-69D1-41D2-BCB0-140A17629021}"
EndProject
Project("{9A19103F-16F7-4668-BE54-9A1E7A4F7556}") = "PracaDyplomowa.Mobile", "PracaDyplomowa.Mobile\PracaDyplomowa.Mobile\PracaDyplomowa.Mobile.csproj", "{DFDF7546-79D6-45D2-B2ED-29966D0F9C71}"
EndProject
Project("{FAE04EC0-301F-11D3-BF4B-00C04F79EFBC}") = "PracaDyplomowa.WebApi.DAL", "PracaDyplomowa.WebApi.DAL\PracaDyplomowa.WebApi.DAL.csproj", "{5BCFDE7A-6484-4D8D-91BD-261D520980E4}"
EndProject
Project("{FAE04EC0-301F-11D3-BF4B-00C04F79EFBC}") = "PracaDyplomowa.Common", "PracaDyplomowa.Common\PracaDyplomowa.Common.csproj", "{E3377D8B-0A6B-4CFA-9CBD-580651A6A62C}"
EndProject
Global
	GlobalSection(SolutionConfigurationPlatforms) = preSolution
		Debug|Any CPU = Debug|Any CPU
		Debug|ARM = Debug|ARM
		Debug|iPhone = Debug|iPhone
		Debug|iPhoneSimulator = Debug|iPhoneSimulator
		Debug|x64 = Debug|x64
		Debug|x86 = Debug|x86
		Release|Any CPU = Release|Any CPU
		Release|ARM = Release|ARM
		Release|iPhone = Release|iPhone
		Release|iPhoneSimulator = Release|iPhoneSimulator
		Release|x64 = Release|x64
		Release|x86 = Release|x86
	EndGlobalSection
	GlobalSection(ProjectConfigurationPlatforms) = postSolution
		{099D92CA-0871-484A-BF54-F59F7A42A345}.Debug|Any CPU.ActiveCfg = Debug|Any CPU
		{099D92CA-0871-484A-BF54-F59F7A42A345}.Debug|Any CPU.Build.0 = Debug|Any CPU
		{099D92CA-0871-484A-BF54-F59F7A42A345}.Debug|ARM.ActiveCfg = Debug|Any CPU
		{099D92CA-0871-484A-BF54-F59F7A42A345}.Debug|ARM.Build.0 = Debug|Any CPU
		{099D92CA-0871-484A-BF54-F59F7A42A345}.Debug|iPhone.ActiveCfg = Debug|Any CPU
		{099D92CA-0871-484A-BF54-F59F7A42A345}.Debug|iPhone.Build.0 = Debug|Any CPU
		{099D92CA-0871-484A-BF54-F59F7A42A345}.Debug|iPhoneSimulator.ActiveCfg = Debug|Any CPU
		{099D92CA-0871-484A-BF54-F59F7A42A345}.Debug|iPhoneSimulator.Build.0 = Debug|Any CPU
		{099D92CA-0871-484A-BF54-F59F7A42A345}.Debug|x64.ActiveCfg = Debug|Any CPU
		{099D92CA-0871-484A-BF54-F59F7A42A345}.Debug|x64.Build.0 = Debug|Any CPU
		{099D92CA-0871-484A-BF54-F59F7A42A345}.Debug|x86.ActiveCfg = Debug|Any CPU
		{099D92CA-0871-484A-BF54-F59F7A42A345}.Debug|x86.Build.0 = Debug|Any CPU
		{099D92CA-0871-484A-BF54-F59F7A42A345}.Release|Any CPU.ActiveCfg = Release|Any CPU
		{099D92CA-0871-484A-BF54-F59F7A42A345}.Release|Any CPU.Build.0 = Release|Any CPU
		{099D92CA-0871-484A-BF54-F59F7A42A345}.Release|ARM.ActiveCfg = Release|Any CPU
		{099D92CA-0871-484A-BF54-F59F7A42A345}.Release|ARM.Build.0 = Release|Any CPU
		{099D92CA-0871-484A-BF54-F59F7A42A345}.Release|iPhone.ActiveCfg = Release|Any CPU
		{099D92CA-0871-484A-BF54-F59F7A42A345}.Release|iPhone.Build.0 = Release|Any CPU
		{099D92CA-0871-484A-BF54-F59F7A42A345}.Release|iPhoneSimulator.ActiveCfg = Release|Any CPU
		{099D92CA-0871-484A-BF54-F59F7A42A345}.Release|iPhoneSimulator.Build.0 = Release|Any CPU
		{099D92CA-0871-484A-BF54-F59F7A42A345}.Release|x64.ActiveCfg = Release|Any CPU
		{099D92CA-0871-484A-BF54-F59F7A42A345}.Release|x64.Build.0 = Release|Any CPU
		{099D92CA-0871-484A-BF54-F59F7A42A345}.Release|x86.ActiveCfg = Release|Any CPU
		{099D92CA-0871-484A-BF54-F59F7A42A345}.Release|x86.Build.0 = Release|Any CPU
		{79B4E4A9-E56B-45B6-B382-A464E9160A12}.Debug|Any CPU.ActiveCfg = Debug|x86
		{79B4E4A9-E56B-45B6-B382-A464E9160A12}.Debug|ARM.ActiveCfg = Debug|ARM
		{79B4E4A9-E56B-45B6-B382-A464E9160A12}.Debug|ARM.Build.0 = Debug|ARM
		{79B4E4A9-E56B-45B6-B382-A464E9160A12}.Debug|ARM.Deploy.0 = Debug|ARM
		{79B4E4A9-E56B-45B6-B382-A464E9160A12}.Debug|iPhone.ActiveCfg = Debug|x86
		{79B4E4A9-E56B-45B6-B382-A464E9160A12}.Debug|iPhoneSimulator.ActiveCfg = Debug|x86
		{79B4E4A9-E56B-45B6-B382-A464E9160A12}.Debug|x64.ActiveCfg = Debug|x64
		{79B4E4A9-E56B-45B6-B382-A464E9160A12}.Debug|x64.Build.0 = Debug|x64
		{79B4E4A9-E56B-45B6-B382-A464E9160A12}.Debug|x64.Deploy.0 = Debug|x64
		{79B4E4A9-E56B-45B6-B382-A464E9160A12}.Debug|x86.ActiveCfg = Debug|x86
		{79B4E4A9-E56B-45B6-B382-A464E9160A12}.Debug|x86.Build.0 = Debug|x86
		{79B4E4A9-E56B-45B6-B382-A464E9160A12}.Debug|x86.Deploy.0 = Debug|x86
		{79B4E4A9-E56B-45B6-B382-A464E9160A12}.Release|Any CPU.ActiveCfg = Release|x86
		{79B4E4A9-E56B-45B6-B382-A464E9160A12}.Release|ARM.ActiveCfg = Release|ARM
		{79B4E4A9-E56B-45B6-B382-A464E9160A12}.Release|ARM.Build.0 = Release|ARM
		{79B4E4A9-E56B-45B6-B382-A464E9160A12}.Release|ARM.Deploy.0 = Release|ARM
		{79B4E4A9-E56B-45B6-B382-A464E9160A12}.Release|iPhone.ActiveCfg = Release|x86
		{79B4E4A9-E56B-45B6-B382-A464E9160A12}.Release|iPhoneSimulator.ActiveCfg = Release|x86
		{79B4E4A9-E56B-45B6-B382-A464E9160A12}.Release|x64.ActiveCfg = Release|x64
		{79B4E4A9-E56B-45B6-B382-A464E9160A12}.Release|x64.Build.0 = Release|x64
		{79B4E4A9-E56B-45B6-B382-A464E9160A12}.Release|x64.Deploy.0 = Release|x64
		{79B4E4A9-E56B-45B6-B382-A464E9160A12}.Release|x86.ActiveCfg = Release|x86
		{79B4E4A9-E56B-45B6-B382-A464E9160A12}.Release|x86.Build.0 = Release|x86
		{79B4E4A9-E56B-45B6-B382-A464E9160A12}.Release|x86.Deploy.0 = Release|x86
		{103B5DEB-69D1-41D2-BCB0-140A17629021}.Debug|Any CPU.ActiveCfg = Debug|Any CPU
		{103B5DEB-69D1-41D2-BCB0-140A17629021}.Debug|Any CPU.Build.0 = Debug|Any CPU
		{103B5DEB-69D1-41D2-BCB0-140A17629021}.Debug|Any CPU.Deploy.0 = Debug|Any CPU
		{103B5DEB-69D1-41D2-BCB0-140A17629021}.Debug|ARM.ActiveCfg = Debug|Any CPU
		{103B5DEB-69D1-41D2-BCB0-140A17629021}.Debug|ARM.Build.0 = Debug|Any CPU
		{103B5DEB-69D1-41D2-BCB0-140A17629021}.Debug|ARM.Deploy.0 = Debug|Any CPU
		{103B5DEB-69D1-41D2-BCB0-140A17629021}.Debug|iPhone.ActiveCfg = Debug|Any CPU
		{103B5DEB-69D1-41D2-BCB0-140A17629021}.Debug|iPhone.Build.0 = Debug|Any CPU
		{103B5DEB-69D1-41D2-BCB0-140A17629021}.Debug|iPhone.Deploy.0 = Debug|Any CPU
		{103B5DEB-69D1-41D2-BCB0-140A17629021}.Debug|iPhoneSimulator.ActiveCfg = Debug|Any CPU
		{103B5DEB-69D1-41D2-BCB0-140A17629021}.Debug|iPhoneSimulator.Build.0 = Debug|Any CPU
		{103B5DEB-69D1-41D2-BCB0-140A17629021}.Debug|iPhoneSimulator.Deploy.0 = Debug|Any CPU
		{103B5DEB-69D1-41D2-BCB0-140A17629021}.Debug|x64.ActiveCfg = Debug|Any CPU
		{103B5DEB-69D1-41D2-BCB0-140A17629021}.Debug|x64.Build.0 = Debug|Any CPU
		{103B5DEB-69D1-41D2-BCB0-140A17629021}.Debug|x64.Deploy.0 = Debug|Any CPU
		{103B5DEB-69D1-41D2-BCB0-140A17629021}.Debug|x86.ActiveCfg = Debug|Any CPU
		{103B5DEB-69D1-41D2-BCB0-140A17629021}.Debug|x86.Build.0 = Debug|Any CPU
		{103B5DEB-69D1-41D2-BCB0-140A17629021}.Debug|x86.Deploy.0 = Debug|Any CPU
		{103B5DEB-69D1-41D2-BCB0-140A17629021}.Release|Any CPU.ActiveCfg = Release|Any CPU
		{103B5DEB-69D1-41D2-BCB0-140A17629021}.Release|Any CPU.Build.0 = Release|Any CPU
		{103B5DEB-69D1-41D2-BCB0-140A17629021}.Release|Any CPU.Deploy.0 = Release|Any CPU
		{103B5DEB-69D1-41D2-BCB0-140A17629021}.Release|ARM.ActiveCfg = Release|Any CPU
		{103B5DEB-69D1-41D2-BCB0-140A17629021}.Release|ARM.Build.0 = Release|Any CPU
		{103B5DEB-69D1-41D2-BCB0-140A17629021}.Release|ARM.Deploy.0 = Release|Any CPU
		{103B5DEB-69D1-41D2-BCB0-140A17629021}.Release|iPhone.ActiveCfg = Release|Any CPU
		{103B5DEB-69D1-41D2-BCB0-140A17629021}.Release|iPhone.Build.0 = Release|Any CPU
		{103B5DEB-69D1-41D2-BCB0-140A17629021}.Release|iPhone.Deploy.0 = Release|Any CPU
		{103B5DEB-69D1-41D2-BCB0-140A17629021}.Release|iPhoneSimulator.ActiveCfg = Release|Any CPU
		{103B5DEB-69D1-41D2-BCB0-140A17629021}.Release|iPhoneSimulator.Build.0 = Release|Any CPU
		{103B5DEB-69D1-41D2-BCB0-140A17629021}.Release|iPhoneSimulator.Deploy.0 = Release|Any CPU
		{103B5DEB-69D1-41D2-BCB0-140A17629021}.Release|x64.ActiveCfg = Release|Any CPU
		{103B5DEB-69D1-41D2-BCB0-140A17629021}.Release|x64.Build.0 = Release|Any CPU
		{103B5DEB-69D1-41D2-BCB0-140A17629021}.Release|x64.Deploy.0 = Release|Any CPU
		{103B5DEB-69D1-41D2-BCB0-140A17629021}.Release|x86.ActiveCfg = Release|Any CPU
		{103B5DEB-69D1-41D2-BCB0-140A17629021}.Release|x86.Build.0 = Release|Any CPU
		{103B5DEB-69D1-41D2-BCB0-140A17629021}.Release|x86.Deploy.0 = Release|Any CPU
		{DFDF7546-79D6-45D2-B2ED-29966D0F9C71}.Debug|Any CPU.ActiveCfg = Debug|Any CPU
		{DFDF7546-79D6-45D2-B2ED-29966D0F9C71}.Debug|Any CPU.Build.0 = Debug|Any CPU
		{DFDF7546-79D6-45D2-B2ED-29966D0F9C71}.Debug|ARM.ActiveCfg = Debug|Any CPU
		{DFDF7546-79D6-45D2-B2ED-29966D0F9C71}.Debug|ARM.Build.0 = Debug|Any CPU
		{DFDF7546-79D6-45D2-B2ED-29966D0F9C71}.Debug|iPhone.ActiveCfg = Debug|Any CPU
		{DFDF7546-79D6-45D2-B2ED-29966D0F9C71}.Debug|iPhone.Build.0 = Debug|Any CPU
		{DFDF7546-79D6-45D2-B2ED-29966D0F9C71}.Debug|iPhoneSimulator.ActiveCfg = Debug|Any CPU
		{DFDF7546-79D6-45D2-B2ED-29966D0F9C71}.Debug|iPhoneSimulator.Build.0 = Debug|Any CPU
		{DFDF7546-79D6-45D2-B2ED-29966D0F9C71}.Debug|x64.ActiveCfg = Debug|Any CPU
		{DFDF7546-79D6-45D2-B2ED-29966D0F9C71}.Debug|x64.Build.0 = Debug|Any CPU
		{DFDF7546-79D6-45D2-B2ED-29966D0F9C71}.Debug|x86.ActiveCfg = Debug|Any CPU
		{DFDF7546-79D6-45D2-B2ED-29966D0F9C71}.Debug|x86.Build.0 = Debug|Any CPU
		{DFDF7546-79D6-45D2-B2ED-29966D0F9C71}.Release|Any CPU.ActiveCfg = Release|Any CPU
		{DFDF7546-79D6-45D2-B2ED-29966D0F9C71}.Release|Any CPU.Build.0 = Release|Any CPU
		{DFDF7546-79D6-45D2-B2ED-29966D0F9C71}.Release|ARM.ActiveCfg = Release|Any CPU
		{DFDF7546-79D6-45D2-B2ED-29966D0F9C71}.Release|ARM.Build.0 = Release|Any CPU
		{DFDF7546-79D6-45D2-B2ED-29966D0F9C71}.Release|iPhone.ActiveCfg = Release|Any CPU
		{DFDF7546-79D6-45D2-B2ED-29966D0F9C71}.Release|iPhone.Build.0 = Release|Any CPU
		{DFDF7546-79D6-45D2-B2ED-29966D0F9C71}.Release|iPhoneSimulator.ActiveCfg = Release|Any CPU
		{DFDF7546-79D6-45D2-B2ED-29966D0F9C71}.Release|iPhoneSimulator.Build.0 = Release|Any CPU
		{DFDF7546-79D6-45D2-B2ED-29966D0F9C71}.Release|x64.ActiveCfg = Release|Any CPU
		{DFDF7546-79D6-45D2-B2ED-29966D0F9C71}.Release|x64.Build.0 = Release|Any CPU
		{DFDF7546-79D6-45D2-B2ED-29966D0F9C71}.Release|x86.ActiveCfg = Release|Any CPU
		{DFDF7546-79D6-45D2-B2ED-29966D0F9C71}.Release|x86.Build.0 = Release|Any CPU
		{5BCFDE7A-6484-4D8D-91BD-261D520980E4}.Debug|Any CPU.ActiveCfg = Debug|Any CPU
		{5BCFDE7A-6484-4D8D-91BD-261D520980E4}.Debug|Any CPU.Build.0 = Debug|Any CPU
		{5BCFDE7A-6484-4D8D-91BD-261D520980E4}.Debug|ARM.ActiveCfg = Debug|Any CPU
		{5BCFDE7A-6484-4D8D-91BD-261D520980E4}.Debug|ARM.Build.0 = Debug|Any CPU
		{5BCFDE7A-6484-4D8D-91BD-261D520980E4}.Debug|iPhone.ActiveCfg = Debug|Any CPU
		{5BCFDE7A-6484-4D8D-91BD-261D520980E4}.Debug|iPhone.Build.0 = Debug|Any CPU
		{5BCFDE7A-6484-4D8D-91BD-261D520980E4}.Debug|iPhoneSimulator.ActiveCfg = Debug|Any CPU
		{5BCFDE7A-6484-4D8D-91BD-261D520980E4}.Debug|iPhoneSimulator.Build.0 = Debug|Any CPU
		{5BCFDE7A-6484-4D8D-91BD-261D520980E4}.Debug|x64.ActiveCfg = Debug|Any CPU
		{5BCFDE7A-6484-4D8D-91BD-261D520980E4}.Debug|x64.Build.0 = Debug|Any CPU
		{5BCFDE7A-6484-4D8D-91BD-261D520980E4}.Debug|x86.ActiveCfg = Debug|Any CPU
		{5BCFDE7A-6484-4D8D-91BD-261D520980E4}.Debug|x86.Build.0 = Debug|Any CPU
		{5BCFDE7A-6484-4D8D-91BD-261D520980E4}.Release|Any CPU.ActiveCfg = Release|Any CPU
		{5BCFDE7A-6484-4D8D-91BD-261D520980E4}.Release|Any CPU.Build.0 = Release|Any CPU
		{5BCFDE7A-6484-4D8D-91BD-261D520980E4}.Release|ARM.ActiveCfg = Release|Any CPU
		{5BCFDE7A-6484-4D8D-91BD-261D520980E4}.Release|ARM.Build.0 = Release|Any CPU
		{5BCFDE7A-6484-4D8D-91BD-261D520980E4}.Release|iPhone.ActiveCfg = Release|Any CPU
		{5BCFDE7A-6484-4D8D-91BD-261D520980E4}.Release|iPhone.Build.0 = Release|Any CPU
		{5BCFDE7A-6484-4D8D-91BD-261D520980E4}.Release|iPhoneSimulator.ActiveCfg = Release|Any CPU
		{5BCFDE7A-6484-4D8D-91BD-261D520980E4}.Release|iPhoneSimulator.Build.0 = Release|Any CPU
		{5BCFDE7A-6484-4D8D-91BD-261D520980E4}.Release|x64.ActiveCfg = Release|Any CPU
		{5BCFDE7A-6484-4D8D-91BD-261D520980E4}.Release|x64.Build.0 = Release|Any CPU
		{5BCFDE7A-6484-4D8D-91BD-261D520980E4}.Release|x86.ActiveCfg = Release|Any CPU
		{5BCFDE7A-6484-4D8D-91BD-261D520980E4}.Release|x86.Build.0 = Release|Any CPU
		{E3377D8B-0A6B-4CFA-9CBD-580651A6A62C}.Debug|Any CPU.ActiveCfg = Debug|Any CPU
		{E3377D8B-0A6B-4CFA-9CBD-580651A6A62C}.Debug|Any CPU.Build.0 = Debug|Any CPU
		{E3377D8B-0A6B-4CFA-9CBD-580651A6A62C}.Debug|ARM.ActiveCfg = Debug|Any CPU
		{E3377D8B-0A6B-4CFA-9CBD-580651A6A62C}.Debug|ARM.Build.0 = Debug|Any CPU
		{E3377D8B-0A6B-4CFA-9CBD-580651A6A62C}.Debug|iPhone.ActiveCfg = Debug|Any CPU
		{E3377D8B-0A6B-4CFA-9CBD-580651A6A62C}.Debug|iPhone.Build.0 = Debug|Any CPU
		{E3377D8B-0A6B-4CFA-9CBD-580651A6A62C}.Debug|iPhoneSimulator.ActiveCfg = Debug|Any CPU
		{E3377D8B-0A6B-4CFA-9CBD-580651A6A62C}.Debug|iPhoneSimulator.Build.0 = Debug|Any CPU
		{E3377D8B-0A6B-4CFA-9CBD-580651A6A62C}.Debug|x64.ActiveCfg = Debug|Any CPU
		{E3377D8B-0A6B-4CFA-9CBD-580651A6A62C}.Debug|x64.Build.0 = Debug|Any CPU
		{E3377D8B-0A6B-4CFA-9CBD-580651A6A62C}.Debug|x86.ActiveCfg = Debug|Any CPU
		{E3377D8B-0A6B-4CFA-9CBD-580651A6A62C}.Debug|x86.Build.0 = Debug|Any CPU
		{E3377D8B-0A6B-4CFA-9CBD-580651A6A62C}.Release|Any CPU.ActiveCfg = Release|Any CPU
		{E3377D8B-0A6B-4CFA-9CBD-580651A6A62C}.Release|Any CPU.Build.0 = Release|Any CPU
		{E3377D8B-0A6B-4CFA-9CBD-580651A6A62C}.Release|ARM.ActiveCfg = Release|Any CPU
		{E3377D8B-0A6B-4CFA-9CBD-580651A6A62C}.Release|ARM.Build.0 = Release|Any CPU
		{E3377D8B-0A6B-4CFA-9CBD-580651A6A62C}.Release|iPhone.ActiveCfg = Release|Any CPU
		{E3377D8B-0A6B-4CFA-9CBD-580651A6A62C}.Release|iPhone.Build.0 = Release|Any CPU
		{E3377D8B-0A6B-4CFA-9CBD-580651A6A62C}.Release|iPhoneSimulator.ActiveCfg = Release|Any CPU
		{E3377D8B-0A6B-4CFA-9CBD-580651A6A62C}.Release|iPhoneSimulator.Build.0 = Release|Any CPU
		{E3377D8B-0A6B-4CFA-9CBD-580651A6A62C}.Release|x64.ActiveCfg = Release|Any CPU
		{E3377D8B-0A6B-4CFA-9CBD-580651A6A62C}.Release|x64.Build.0 = Release|Any CPU
		{E3377D8B-0A6B-4CFA-9CBD-580651A6A62C}.Release|x86.ActiveCfg = Release|Any CPU
		{E3377D8B-0A6B-4CFA-9CBD-580651A6A62C}.Release|x86.Build.0 = Release|Any CPU
	EndGlobalSection
	GlobalSection(SolutionProperties) = preSolution
		HideSolutionNode = FALSE
	EndGlobalSection
	GlobalSection(ExtensibilityGlobals) = postSolution
		SolutionGuid = {5171C9E3-9EC9-4CF1-AF36-A8DC9BB01156}
	EndGlobalSection
EndGlobal
